
Microsoft Visual Studio Solution File, Format Version 12.00
# Visual Studio Version 17
VisualStudioVersion = 17.4.32916.344
MinimumVisualStudioVersion = 10.0.40219.1
Project("{2150E333-8FDC-42A3-9474-1A3956D46DE8}") = "Solution Items", "Solution Items", "{3BA13E00-8ADB-43C3-B9D3-5A4E7AE49C67}"
	ProjectSection(SolutionItems) = preProject
		.editorconfig = .editorconfig
		.gitattributes = .gitattributes
		.gitignore = .gitignore
		LICENSE.txt = LICENSE.txt
		README.md = README.md
		specs.md = specs.md
	EndProjectSection
EndProject
Project("{8BC9CEB8-8B4A-11D0-8D11-00A0C91BC942}") = "Server", "Server\Server.vcxproj", "{F11A6291-405C-4A94-AB56-F0027FDD4B4D}"
EndProject
Project("{9A19103F-16F7-4668-BE54-9A1E7A4F7556}") = "Pine", "Pine\Pine.csproj", "{4A7FBB45-D550-4AED-9850-82EC1FB1AB1F}"
EndProject
Project("{8BC9CEB8-8B4A-11D0-8D11-00A0C91BC942}") = "Shared", "Shared\Shared.vcxproj", "{FFA917E0-C449-48C7-BDF3-9877CBD96B46}"
EndProject
Project("{8BC9CEB8-8B4A-11D0-8D11-00A0C91BC942}") = "ServerUnitTest", "ServerUnitTest\ServerUnitTest.vcxproj", "{B53D4CAB-38CB-4597-AF97-D37FCCDD5D14}"
EndProject
Global
	GlobalSection(SolutionConfigurationPlatforms) = preSolution
		Debug|ARM = Debug|ARM
		Debug|arm64 = Debug|arm64
		Debug|x64 = Debug|x64
		Debug|x86 = Debug|x86
		MinSizeRel|ARM = MinSizeRel|ARM
		MinSizeRel|arm64 = MinSizeRel|arm64
		MinSizeRel|x64 = MinSizeRel|x64
		MinSizeRel|x86 = MinSizeRel|x86
		Release|ARM = Release|ARM
		Release|arm64 = Release|arm64
		Release|x64 = Release|x64
		Release|x86 = Release|x86
		RelWithDebInfo|ARM = RelWithDebInfo|ARM
		RelWithDebInfo|arm64 = RelWithDebInfo|arm64
		RelWithDebInfo|x64 = RelWithDebInfo|x64
		RelWithDebInfo|x86 = RelWithDebInfo|x86
	EndGlobalSection
	GlobalSection(ProjectConfigurationPlatforms) = postSolution
		{F11A6291-405C-4A94-AB56-F0027FDD4B4D}.Debug|ARM.ActiveCfg = Debug|x64
		{F11A6291-405C-4A94-AB56-F0027FDD4B4D}.Debug|ARM.Build.0 = Debug|x64
		{F11A6291-405C-4A94-AB56-F0027FDD4B4D}.Debug|arm64.ActiveCfg = Debug|x64
		{F11A6291-405C-4A94-AB56-F0027FDD4B4D}.Debug|arm64.Build.0 = Debug|x64
		{F11A6291-405C-4A94-AB56-F0027FDD4B4D}.Debug|x64.ActiveCfg = Debug|x64
		{F11A6291-405C-4A94-AB56-F0027FDD4B4D}.Debug|x64.Build.0 = Debug|x64
		{F11A6291-405C-4A94-AB56-F0027FDD4B4D}.Debug|x86.ActiveCfg = Debug|Win32
		{F11A6291-405C-4A94-AB56-F0027FDD4B4D}.Debug|x86.Build.0 = Debug|Win32
		{F11A6291-405C-4A94-AB56-F0027FDD4B4D}.MinSizeRel|ARM.ActiveCfg = Release|x64
		{F11A6291-405C-4A94-AB56-F0027FDD4B4D}.MinSizeRel|ARM.Build.0 = Release|x64
		{F11A6291-405C-4A94-AB56-F0027FDD4B4D}.MinSizeRel|arm64.ActiveCfg = Debug|x64
		{F11A6291-405C-4A94-AB56-F0027FDD4B4D}.MinSizeRel|arm64.Build.0 = Debug|x64
		{F11A6291-405C-4A94-AB56-F0027FDD4B4D}.MinSizeRel|x64.ActiveCfg = Debug|x64
		{F11A6291-405C-4A94-AB56-F0027FDD4B4D}.MinSizeRel|x64.Build.0 = Debug|x64
		{F11A6291-405C-4A94-AB56-F0027FDD4B4D}.MinSizeRel|x86.ActiveCfg = Debug|Win32
		{F11A6291-405C-4A94-AB56-F0027FDD4B4D}.MinSizeRel|x86.Build.0 = Debug|Win32
		{F11A6291-405C-4A94-AB56-F0027FDD4B4D}.Release|ARM.ActiveCfg = Release|x64
		{F11A6291-405C-4A94-AB56-F0027FDD4B4D}.Release|ARM.Build.0 = Release|x64
		{F11A6291-405C-4A94-AB56-F0027FDD4B4D}.Release|arm64.ActiveCfg = Release|x64
		{F11A6291-405C-4A94-AB56-F0027FDD4B4D}.Release|arm64.Build.0 = Release|x64
		{F11A6291-405C-4A94-AB56-F0027FDD4B4D}.Release|x64.ActiveCfg = Release|x64
		{F11A6291-405C-4A94-AB56-F0027FDD4B4D}.Release|x64.Build.0 = Release|x64
		{F11A6291-405C-4A94-AB56-F0027FDD4B4D}.Release|x86.ActiveCfg = Release|Win32
		{F11A6291-405C-4A94-AB56-F0027FDD4B4D}.Release|x86.Build.0 = Release|Win32
		{F11A6291-405C-4A94-AB56-F0027FDD4B4D}.RelWithDebInfo|ARM.ActiveCfg = Release|x64
		{F11A6291-405C-4A94-AB56-F0027FDD4B4D}.RelWithDebInfo|ARM.Build.0 = Release|x64
		{F11A6291-405C-4A94-AB56-F0027FDD4B4D}.RelWithDebInfo|arm64.ActiveCfg = Release|x64
		{F11A6291-405C-4A94-AB56-F0027FDD4B4D}.RelWithDebInfo|arm64.Build.0 = Release|x64
		{F11A6291-405C-4A94-AB56-F0027FDD4B4D}.RelWithDebInfo|x64.ActiveCfg = Release|x64
		{F11A6291-405C-4A94-AB56-F0027FDD4B4D}.RelWithDebInfo|x64.Build.0 = Release|x64
		{F11A6291-405C-4A94-AB56-F0027FDD4B4D}.RelWithDebInfo|x86.ActiveCfg = Release|Win32
		{F11A6291-405C-4A94-AB56-F0027FDD4B4D}.RelWithDebInfo|x86.Build.0 = Release|Win32
		{4A7FBB45-D550-4AED-9850-82EC1FB1AB1F}.Debug|ARM.ActiveCfg = Debug|x64
		{4A7FBB45-D550-4AED-9850-82EC1FB1AB1F}.Debug|ARM.Build.0 = Debug|x64
		{4A7FBB45-D550-4AED-9850-82EC1FB1AB1F}.Debug|ARM.Deploy.0 = Debug|x64
		{4A7FBB45-D550-4AED-9850-82EC1FB1AB1F}.Debug|arm64.ActiveCfg = Debug|ARM64
		{4A7FBB45-D550-4AED-9850-82EC1FB1AB1F}.Debug|arm64.Build.0 = Debug|ARM64
		{4A7FBB45-D550-4AED-9850-82EC1FB1AB1F}.Debug|arm64.Deploy.0 = Debug|ARM64
		{4A7FBB45-D550-4AED-9850-82EC1FB1AB1F}.Debug|x64.ActiveCfg = Debug|x64
		{4A7FBB45-D550-4AED-9850-82EC1FB1AB1F}.Debug|x64.Build.0 = Debug|x64
		{4A7FBB45-D550-4AED-9850-82EC1FB1AB1F}.Debug|x64.Deploy.0 = Debug|x64
		{4A7FBB45-D550-4AED-9850-82EC1FB1AB1F}.Debug|x86.ActiveCfg = Debug|x86
		{4A7FBB45-D550-4AED-9850-82EC1FB1AB1F}.Debug|x86.Build.0 = Debug|x86
		{4A7FBB45-D550-4AED-9850-82EC1FB1AB1F}.Debug|x86.Deploy.0 = Debug|x86
		{4A7FBB45-D550-4AED-9850-82EC1FB1AB1F}.MinSizeRel|ARM.ActiveCfg = Debug|x64
		{4A7FBB45-D550-4AED-9850-82EC1FB1AB1F}.MinSizeRel|ARM.Build.0 = Debug|x64
		{4A7FBB45-D550-4AED-9850-82EC1FB1AB1F}.MinSizeRel|ARM.Deploy.0 = Debug|x64
		{4A7FBB45-D550-4AED-9850-82EC1FB1AB1F}.MinSizeRel|arm64.ActiveCfg = Debug|ARM64
		{4A7FBB45-D550-4AED-9850-82EC1FB1AB1F}.MinSizeRel|arm64.Build.0 = Debug|ARM64
		{4A7FBB45-D550-4AED-9850-82EC1FB1AB1F}.MinSizeRel|arm64.Deploy.0 = Debug|ARM64
		{4A7FBB45-D550-4AED-9850-82EC1FB1AB1F}.MinSizeRel|x64.ActiveCfg = Debug|x64
		{4A7FBB45-D550-4AED-9850-82EC1FB1AB1F}.MinSizeRel|x64.Build.0 = Debug|x64
		{4A7FBB45-D550-4AED-9850-82EC1FB1AB1F}.MinSizeRel|x64.Deploy.0 = Debug|x64
		{4A7FBB45-D550-4AED-9850-82EC1FB1AB1F}.MinSizeRel|x86.ActiveCfg = Debug|x86
		{4A7FBB45-D550-4AED-9850-82EC1FB1AB1F}.MinSizeRel|x86.Build.0 = Debug|x86
		{4A7FBB45-D550-4AED-9850-82EC1FB1AB1F}.MinSizeRel|x86.Deploy.0 = Debug|x86
		{4A7FBB45-D550-4AED-9850-82EC1FB1AB1F}.Release|ARM.ActiveCfg = Release|x64
		{4A7FBB45-D550-4AED-9850-82EC1FB1AB1F}.Release|ARM.Build.0 = Release|x64
		{4A7FBB45-D550-4AED-9850-82EC1FB1AB1F}.Release|ARM.Deploy.0 = Release|x64
		{4A7FBB45-D550-4AED-9850-82EC1FB1AB1F}.Release|arm64.ActiveCfg = Release|ARM64
		{4A7FBB45-D550-4AED-9850-82EC1FB1AB1F}.Release|arm64.Build.0 = Release|ARM64
		{4A7FBB45-D550-4AED-9850-82EC1FB1AB1F}.Release|arm64.Deploy.0 = Release|ARM64
		{4A7FBB45-D550-4AED-9850-82EC1FB1AB1F}.Release|x64.ActiveCfg = Release|x64
		{4A7FBB45-D550-4AED-9850-82EC1FB1AB1F}.Release|x64.Build.0 = Release|x64
		{4A7FBB45-D550-4AED-9850-82EC1FB1AB1F}.Release|x64.Deploy.0 = Release|x64
		{4A7FBB45-D550-4AED-9850-82EC1FB1AB1F}.Release|x86.ActiveCfg = Release|x86
		{4A7FBB45-D550-4AED-9850-82EC1FB1AB1F}.Release|x86.Build.0 = Release|x86
		{4A7FBB45-D550-4AED-9850-82EC1FB1AB1F}.Release|x86.Deploy.0 = Release|x86
		{4A7FBB45-D550-4AED-9850-82EC1FB1AB1F}.RelWithDebInfo|ARM.ActiveCfg = Release|x64
		{4A7FBB45-D550-4AED-9850-82EC1FB1AB1F}.RelWithDebInfo|ARM.Build.0 = Release|x64
		{4A7FBB45-D550-4AED-9850-82EC1FB1AB1F}.RelWithDebInfo|ARM.Deploy.0 = Release|x64
		{4A7FBB45-D550-4AED-9850-82EC1FB1AB1F}.RelWithDebInfo|arm64.ActiveCfg = Release|ARM64
		{4A7FBB45-D550-4AED-9850-82EC1FB1AB1F}.RelWithDebInfo|arm64.Build.0 = Release|ARM64
		{4A7FBB45-D550-4AED-9850-82EC1FB1AB1F}.RelWithDebInfo|arm64.Deploy.0 = Release|ARM64
		{4A7FBB45-D550-4AED-9850-82EC1FB1AB1F}.RelWithDebInfo|x64.ActiveCfg = Release|x64
		{4A7FBB45-D550-4AED-9850-82EC1FB1AB1F}.RelWithDebInfo|x64.Build.0 = Release|x64
		{4A7FBB45-D550-4AED-9850-82EC1FB1AB1F}.RelWithDebInfo|x64.Deploy.0 = Release|x64
		{4A7FBB45-D550-4AED-9850-82EC1FB1AB1F}.RelWithDebInfo|x86.ActiveCfg = Release|x86
		{4A7FBB45-D550-4AED-9850-82EC1FB1AB1F}.RelWithDebInfo|x86.Build.0 = Release|x86
		{4A7FBB45-D550-4AED-9850-82EC1FB1AB1F}.RelWithDebInfo|x86.Deploy.0 = Release|x86
		{FFA917E0-C449-48C7-BDF3-9877CBD96B46}.Debug|ARM.ActiveCfg = Debug|x64
		{FFA917E0-C449-48C7-BDF3-9877CBD96B46}.Debug|ARM.Build.0 = Debug|x64
		{FFA917E0-C449-48C7-BDF3-9877CBD96B46}.Debug|arm64.ActiveCfg = Debug|x64
		{FFA917E0-C449-48C7-BDF3-9877CBD96B46}.Debug|arm64.Build.0 = Debug|x64
		{FFA917E0-C449-48C7-BDF3-9877CBD96B46}.Debug|x64.ActiveCfg = Debug|x64
		{FFA917E0-C449-48C7-BDF3-9877CBD96B46}.Debug|x64.Build.0 = Debug|x64
		{FFA917E0-C449-48C7-BDF3-9877CBD96B46}.Debug|x86.ActiveCfg = Debug|Win32
		{FFA917E0-C449-48C7-BDF3-9877CBD96B46}.Debug|x86.Build.0 = Debug|Win32
		{FFA917E0-C449-48C7-BDF3-9877CBD96B46}.MinSizeRel|ARM.ActiveCfg = Debug|x64
		{FFA917E0-C449-48C7-BDF3-9877CBD96B46}.MinSizeRel|ARM.Build.0 = Debug|x64
		{FFA917E0-C449-48C7-BDF3-9877CBD96B46}.MinSizeRel|arm64.ActiveCfg = Debug|x64
		{FFA917E0-C449-48C7-BDF3-9877CBD96B46}.MinSizeRel|arm64.Build.0 = Debug|x64
		{FFA917E0-C449-48C7-BDF3-9877CBD96B46}.MinSizeRel|x64.ActiveCfg = Debug|x64
		{FFA917E0-C449-48C7-BDF3-9877CBD96B46}.MinSizeRel|x64.Build.0 = Debug|x64
		{FFA917E0-C449-48C7-BDF3-9877CBD96B46}.MinSizeRel|x86.ActiveCfg = Debug|Win32
		{FFA917E0-C449-48C7-BDF3-9877CBD96B46}.MinSizeRel|x86.Build.0 = Debug|Win32
		{FFA917E0-C449-48C7-BDF3-9877CBD96B46}.Release|ARM.ActiveCfg = Release|x64
		{FFA917E0-C449-48C7-BDF3-9877CBD96B46}.Release|ARM.Build.0 = Release|x64
		{FFA917E0-C449-48C7-BDF3-9877CBD96B46}.Release|arm64.ActiveCfg = Release|x64
		{FFA917E0-C449-48C7-BDF3-9877CBD96B46}.Release|arm64.Build.0 = Release|x64
		{FFA917E0-C449-48C7-BDF3-9877CBD96B46}.Release|x64.ActiveCfg = Release|x64
		{FFA917E0-C449-48C7-BDF3-9877CBD96B46}.Release|x64.Build.0 = Release|x64
		{FFA917E0-C449-48C7-BDF3-9877CBD96B46}.Release|x86.ActiveCfg = Release|Win32
		{FFA917E0-C449-48C7-BDF3-9877CBD96B46}.Release|x86.Build.0 = Release|Win32
		{FFA917E0-C449-48C7-BDF3-9877CBD96B46}.RelWithDebInfo|ARM.ActiveCfg = Release|x64
		{FFA917E0-C449-48C7-BDF3-9877CBD96B46}.RelWithDebInfo|ARM.Build.0 = Release|x64
		{FFA917E0-C449-48C7-BDF3-9877CBD96B46}.RelWithDebInfo|arm64.ActiveCfg = Release|x64
		{FFA917E0-C449-48C7-BDF3-9877CBD96B46}.RelWithDebInfo|arm64.Build.0 = Release|x64
		{FFA917E0-C449-48C7-BDF3-9877CBD96B46}.RelWithDebInfo|x64.ActiveCfg = Release|x64
		{FFA917E0-C449-48C7-BDF3-9877CBD96B46}.RelWithDebInfo|x64.Build.0 = Release|x64
		{FFA917E0-C449-48C7-BDF3-9877CBD96B46}.RelWithDebInfo|x86.ActiveCfg = Release|Win32
		{FFA917E0-C449-48C7-BDF3-9877CBD96B46}.RelWithDebInfo|x86.Build.0 = Release|Win32
		{B53D4CAB-38CB-4597-AF97-D37FCCDD5D14}.Debug|ARM.ActiveCfg = Debug|x64
		{B53D4CAB-38CB-4597-AF97-D37FCCDD5D14}.Debug|ARM.Build.0 = Debug|x64
		{B53D4CAB-38CB-4597-AF97-D37FCCDD5D14}.Debug|arm64.ActiveCfg = Debug|x64
		{B53D4CAB-38CB-4597-AF97-D37FCCDD5D14}.Debug|arm64.Build.0 = Debug|x64
		{B53D4CAB-38CB-4597-AF97-D37FCCDD5D14}.Debug|x64.ActiveCfg = Debug|x64
		{B53D4CAB-38CB-4597-AF97-D37FCCDD5D14}.Debug|x64.Build.0 = Debug|x64
		{B53D4CAB-38CB-4597-AF97-D37FCCDD5D14}.Debug|x86.ActiveCfg = Debug|Win32
		{B53D4CAB-38CB-4597-AF97-D37FCCDD5D14}.Debug|x86.Build.0 = Debug|Win32
		{B53D4CAB-38CB-4597-AF97-D37FCCDD5D14}.MinSizeRel|ARM.ActiveCfg = Debug|x64
		{B53D4CAB-38CB-4597-AF97-D37FCCDD5D14}.MinSizeRel|ARM.Build.0 = Debug|x64
		{B53D4CAB-38CB-4597-AF97-D37FCCDD5D14}.MinSizeRel|arm64.ActiveCfg = Debug|x64
		{B53D4CAB-38CB-4597-AF97-D37FCCDD5D14}.MinSizeRel|arm64.Build.0 = Debug|x64
		{B53D4CAB-38CB-4597-AF97-D37FCCDD5D14}.MinSizeRel|x64.ActiveCfg = Debug|x64
		{B53D4CAB-38CB-4597-AF97-D37FCCDD5D14}.MinSizeRel|x64.Build.0 = Debug|x64
		{B53D4CAB-38CB-4597-AF97-D37FCCDD5D14}.MinSizeRel|x86.ActiveCfg = Debug|Win32
		{B53D4CAB-38CB-4597-AF97-D37FCCDD5D14}.MinSizeRel|x86.Build.0 = Debug|Win32
		{B53D4CAB-38CB-4597-AF97-D37FCCDD5D14}.Release|ARM.ActiveCfg = Release|x64
		{B53D4CAB-38CB-4597-AF97-D37FCCDD5D14}.Release|ARM.Build.0 = Release|x64
		{B53D4CAB-38CB-4597-AF97-D37FCCDD5D14}.Release|arm64.ActiveCfg = Release|x64
		{B53D4CAB-38CB-4597-AF97-D37FCCDD5D14}.Release|arm64.Build.0 = Release|x64
		{B53D4CAB-38CB-4597-AF97-D37FCCDD5D14}.Release|x64.ActiveCfg = Release|x64
		{B53D4CAB-38CB-4597-AF97-D37FCCDD5D14}.Release|x64.Build.0 = Release|x64
		{B53D4CAB-38CB-4597-AF97-D37FCCDD5D14}.Release|x86.ActiveCfg = Release|Win32
		{B53D4CAB-38CB-4597-AF97-D37FCCDD5D14}.Release|x86.Build.0 = Release|Win32
		{B53D4CAB-38CB-4597-AF97-D37FCCDD5D14}.RelWithDebInfo|ARM.ActiveCfg = Release|x64
		{B53D4CAB-38CB-4597-AF97-D37FCCDD5D14}.RelWithDebInfo|ARM.Build.0 = Release|x64
		{B53D4CAB-38CB-4597-AF97-D37FCCDD5D14}.RelWithDebInfo|arm64.ActiveCfg = Release|x64
		{B53D4CAB-38CB-4597-AF97-D37FCCDD5D14}.RelWithDebInfo|arm64.Build.0 = Release|x64
		{B53D4CAB-38CB-4597-AF97-D37FCCDD5D14}.RelWithDebInfo|x64.ActiveCfg = Release|x64
		{B53D4CAB-38CB-4597-AF97-D37FCCDD5D14}.RelWithDebInfo|x64.Build.0 = Release|x64
		{B53D4CAB-38CB-4597-AF97-D37FCCDD5D14}.RelWithDebInfo|x86.ActiveCfg = Release|Win32
		{B53D4CAB-38CB-4597-AF97-D37FCCDD5D14}.RelWithDebInfo|x86.Build.0 = Release|Win32
	EndGlobalSection
	GlobalSection(SolutionProperties) = preSolution
		HideSolutionNode = FALSE
	EndGlobalSection
	GlobalSection(ExtensibilityGlobals) = postSolution
		SolutionGuid = {F68D352A-0905-4C97-99C9-B1002AB5895B}
	EndGlobalSection
EndGlobal
